
Microsoft Visual Studio Solution File, Format Version 12.00
# Visual Studio Version 17
VisualStudioVersion = 17.4.33122.133
MinimumVisualStudioVersion = 10.0.40219.1
Project("{FAE04EC0-301F-11D3-BF4B-00C04F79EFBC}") = "Task1", "Task1\Task1.csproj", "{EB2121FE-CF2B-4702-8CC3-1BA711F10F0A}"
EndProject
Project("{FAE04EC0-301F-11D3-BF4B-00C04F79EFBC}") = "Task2", "Task2\Task2.csproj", "{51083DA9-F173-4D0E-8C74-9338D4A59650}"
EndProject
Project("{FAE04EC0-301F-11D3-BF4B-00C04F79EFBC}") = "Task3", "Task3\Task3.csproj", "{0C1AFED8-A3BA-481F-8821-25ACA7AA74E4}"
EndProject
Project("{FAE04EC0-301F-11D3-BF4B-00C04F79EFBC}") = "FinalTask", "FinalTask\FinalTask.csproj", "{2137A9DB-FF98-4867-A726-46AE36C0E6F0}"
EndProject
Global
	GlobalSection(SolutionConfigurationPlatforms) = preSolution
		Debug|Any CPU = Debug|Any CPU
		Release|Any CPU = Release|Any CPU
	EndGlobalSection
	GlobalSection(ProjectConfigurationPlatforms) = postSolution
		{EB2121FE-CF2B-4702-8CC3-1BA711F10F0A}.Debug|Any CPU.ActiveCfg = Debug|Any CPU
		{EB2121FE-CF2B-4702-8CC3-1BA711F10F0A}.Debug|Any CPU.Build.0 = Debug|Any CPU
		{EB2121FE-CF2B-4702-8CC3-1BA711F10F0A}.Release|Any CPU.ActiveCfg = Release|Any CPU
		{EB2121FE-CF2B-4702-8CC3-1BA711F10F0A}.Release|Any CPU.Build.0 = Release|Any CPU
		{51083DA9-F173-4D0E-8C74-9338D4A59650}.Debug|Any CPU.ActiveCfg = Debug|Any CPU
		{51083DA9-F173-4D0E-8C74-9338D4A59650}.Debug|Any CPU.Build.0 = Debug|Any CPU
		{51083DA9-F173-4D0E-8C74-9338D4A59650}.Release|Any CPU.ActiveCfg = Release|Any CPU
		{51083DA9-F173-4D0E-8C74-9338D4A59650}.Release|Any CPU.Build.0 = Release|Any CPU
		{0C1AFED8-A3BA-481F-8821-25ACA7AA74E4}.Debug|Any CPU.ActiveCfg = Debug|Any CPU
		{0C1AFED8-A3BA-481F-8821-25ACA7AA74E4}.Debug|Any CPU.Build.0 = Debug|Any CPU
		{0C1AFED8-A3BA-481F-8821-25ACA7AA74E4}.Release|Any CPU.ActiveCfg = Release|Any CPU
		{0C1AFED8-A3BA-481F-8821-25ACA7AA74E4}.Release|Any CPU.Build.0 = Release|Any CPU
		{2137A9DB-FF98-4867-A726-46AE36C0E6F0}.Debug|Any CPU.ActiveCfg = Debug|Any CPU
		{2137A9DB-FF98-4867-A726-46AE36C0E6F0}.Debug|Any CPU.Build.0 = Debug|Any CPU
		{2137A9DB-FF98-4867-A726-46AE36C0E6F0}.Release|Any CPU.ActiveCfg = Release|Any CPU
		{2137A9DB-FF98-4867-A726-46AE36C0E6F0}.Release|Any CPU.Build.0 = Release|Any CPU
	EndGlobalSection
	GlobalSection(SolutionProperties) = preSolution
		HideSolutionNode = FALSE
	EndGlobalSection
	GlobalSection(ExtensibilityGlobals) = postSolution
		SolutionGuid = {AF9F1D85-282B-4310-A6A9-AF3FF48BA156}
	EndGlobalSection
EndGlobal
